
Microsoft Visual Studio Solution File, Format Version 12.00
# Visual Studio Version 17
VisualStudioVersion = 17.13.35825.156 d17.13
MinimumVisualStudioVersion = 10.0.40219.1
Project("{FAE04EC0-301F-11D3-BF4B-00C04F79EFBC}") = "WTF_v2", "WTF_v2\WTF_v2.csproj", "{852E6FB1-37A5-4523-AE1A-985A477A2068}"
EndProject
Project("{FAE04EC0-301F-11D3-BF4B-00C04F79EFBC}") = "TestWTF_v2", "TestWTF_v2\TestWTF_v2.csproj", "{B4A006D4-2923-487A-93B0-EE9341821A91}"
EndProject
Project("{FAE04EC0-301F-11D3-BF4B-00C04F79EFBC}") = "LibraryForWTF_v2", "LibraryForWTF_v2\LibraryForWTF_v2.csproj", "{B60EE513-03D1-4488-91A3-E093357BCC9D}"
EndProject
Global
	GlobalSection(SolutionConfigurationPlatforms) = preSolution
		Debug|Any CPU = Debug|Any CPU
		Release|Any CPU = Release|Any CPU
	EndGlobalSection
	GlobalSection(ProjectConfigurationPlatforms) = postSolution
		{852E6FB1-37A5-4523-AE1A-985A477A2068}.Debug|Any CPU.ActiveCfg = Debug|Any CPU
		{852E6FB1-37A5-4523-AE1A-985A477A2068}.Debug|Any CPU.Build.0 = Debug|Any CPU
		{852E6FB1-37A5-4523-AE1A-985A477A2068}.Release|Any CPU.ActiveCfg = Release|Any CPU
		{852E6FB1-37A5-4523-AE1A-985A477A2068}.Release|Any CPU.Build.0 = Release|Any CPU
		{B4A006D4-2923-487A-93B0-EE9341821A91}.Debug|Any CPU.ActiveCfg = Debug|Any CPU
		{B4A006D4-2923-487A-93B0-EE9341821A91}.Debug|Any CPU.Build.0 = Debug|Any CPU
		{B4A006D4-2923-487A-93B0-EE9341821A91}.Release|Any CPU.ActiveCfg = Release|Any CPU
		{B4A006D4-2923-487A-93B0-EE9341821A91}.Release|Any CPU.Build.0 = Release|Any CPU
		{B60EE513-03D1-4488-91A3-E093357BCC9D}.Debug|Any CPU.ActiveCfg = Debug|Any CPU
		{B60EE513-03D1-4488-91A3-E093357BCC9D}.Debug|Any CPU.Build.0 = Debug|Any CPU
		{B60EE513-03D1-4488-91A3-E093357BCC9D}.Release|Any CPU.ActiveCfg = Release|Any CPU
		{B60EE513-03D1-4488-91A3-E093357BCC9D}.Release|Any CPU.Build.0 = Release|Any CPU
	EndGlobalSection
	GlobalSection(SolutionProperties) = preSolution
		HideSolutionNode = FALSE
	EndGlobalSection
	GlobalSection(ExtensibilityGlobals) = postSolution
		SolutionGuid = {BD320CBE-88F5-4407-9E2D-9FB32D522044}
	EndGlobalSection
EndGlobal
